
Microsoft Visual Studio Solution File, Format Version 12.00
# Visual Studio 15
Project("{FAE04EC0-301F-11D3-BF4B-00C04F79EFBC}") = "oop_cSharp", "oop_cSharp\oop_cSharp.csproj", "{84F35978-B35A-4C37-AB71-01546D4F9615}"
EndProject
Global
	GlobalSection(SolutionConfigurationPlatforms) = preSolution
		Debug|anycpu = Debug|anycpu
		Release|anycpu = Release|anycpu
	EndGlobalSection
	GlobalSection(ProjectConfigurationPlatforms) = postSolution
		{84F35978-B35A-4C37-AB71-01546D4F9615}.Debug|anycpu.ActiveCfg = Debug|anycpu
		{84F35978-B35A-4C37-AB71-01546D4F9615}.Debug|anycpu.Build.0 = Debug|anycpu
		{84F35978-B35A-4C37-AB71-01546D4F9615}.Release|anycpu.ActiveCfg = Release|anycpu
		{84F35978-B35A-4C37-AB71-01546D4F9615}.Release|anycpu.Build.0 = Release|anycpu
	EndGlobalSection
EndGlobal
